
Microsoft Visual Studio Solution File, Format Version 12.00
# Visual Studio Version 17
VisualStudioVersion = 17.9.34607.119
MinimumVisualStudioVersion = 10.0.40219.1
Project("{FAE04EC0-301F-11D3-BF4B-00C04F79EFBC}") = "BasicPrograms", "LeapYear\BasicPrograms.csproj", "{233D0E44-7C3D-4F67-BE2E-857054BA7D79}"
EndProject
Global
	GlobalSection(SolutionConfigurationPlatforms) = preSolution
		Debug|Any CPU = Debug|Any CPU
		Release|Any CPU = Release|Any CPU
	EndGlobalSection
	GlobalSection(ProjectConfigurationPlatforms) = postSolution
		{233D0E44-7C3D-4F67-BE2E-857054BA7D79}.Debug|Any CPU.ActiveCfg = Debug|Any CPU
		{233D0E44-7C3D-4F67-BE2E-857054BA7D79}.Debug|Any CPU.Build.0 = Debug|Any CPU
		{233D0E44-7C3D-4F67-BE2E-857054BA7D79}.Release|Any CPU.ActiveCfg = Release|Any CPU
		{233D0E44-7C3D-4F67-BE2E-857054BA7D79}.Release|Any CPU.Build.0 = Release|Any CPU
	EndGlobalSection
	GlobalSection(SolutionProperties) = preSolution
		HideSolutionNode = FALSE
	EndGlobalSection
	GlobalSection(ExtensibilityGlobals) = postSolution
		SolutionGuid = {639DE454-943C-42D0-81DA-2E5B95D7A5B3}
	EndGlobalSection
EndGlobal
